
Microsoft Visual Studio Solution File, Format Version 11.00
# Visual C++ Express 2010
Project("{8BC9CEB8-8B4A-11D0-8D11-00A0C91BC942}") = "LastErrorException", "LastErrorException\LastErrorException.vcxproj", "{E1246CAD-1FDA-4A17-BDFC-D7B772346727}"
EndProject
Global
	GlobalSection(SolutionConfigurationPlatforms) = preSolution
		Debug|Win32 = Debug|Win32
		Release|Win32 = Release|Win32
	EndGlobalSection
	GlobalSection(ProjectConfigurationPlatforms) = postSolution
		{E1246CAD-1FDA-4A17-BDFC-D7B772346727}.Debug|Win32.ActiveCfg = Debug|Win32
		{E1246CAD-1FDA-4A17-BDFC-D7B772346727}.Debug|Win32.Build.0 = Debug|Win32
		{E1246CAD-1FDA-4A17-BDFC-D7B772346727}.Release|Win32.ActiveCfg = Release|Win32
		{E1246CAD-1FDA-4A17-BDFC-D7B772346727}.Release|Win32.Build.0 = Release|Win32
	EndGlobalSection
	GlobalSection(SolutionProperties) = preSolution
		HideSolutionNode = FALSE
	EndGlobalSection
EndGlobal
